// !$*UTF8*$!
{
	archiveVersion = 1;
	classes = {
	};
	objectVersion = 56;
	objects = {

/* Begin PBXBuildFile section */
		B30C62AE2BD22E7500EEEEE7 /* ContentView.swift in Sources */ = {isa = PBXBuildFile; fileRef = DAFBE6052BCA547F00BF5E63 /* ContentView.swift */; };
		B30C62B02BD2304200EEEEE7 /* HomeView.swift in Sources */ = {isa = PBXBuildFile; fileRef = B30C62AF2BD2304200EEEEE7 /* HomeView.swift */; };
		B30C62B22BD2305B00EEEEE7 /* SideView.swift in Sources */ = {isa = PBXBuildFile; fileRef = B30C62B12BD2305B00EEEEE7 /* SideView.swift */; };
		B30C62BC2BD232F500EEEEE7 /* TapButton.swift in Sources */ = {isa = PBXBuildFile; fileRef = B30C62BB2BD232F500EEEEE7 /* TapButton.swift */; };
		DAFBE6042BCA547F00BF5E63 /* iOS_swift_exApp.swift in Sources */ = {isa = PBXBuildFile; fileRef = DAFBE6032BCA547F00BF5E63 /* iOS_swift_exApp.swift */; };
		DAFBE6082BCA548100BF5E63 /* Assets.xcassets in Resources */ = {isa = PBXBuildFile; fileRef = DAFBE6072BCA548100BF5E63 /* Assets.xcassets */; };
		DAFBE60B2BCA548100BF5E63 /* Preview Assets.xcassets in Resources */ = {isa = PBXBuildFile; fileRef = DAFBE60A2BCA548100BF5E63 /* Preview Assets.xcassets */; };
		DAFBE6152BCA548100BF5E63 /* iOS_swift_exTests.swift in Sources */ = {isa = PBXBuildFile; fileRef = DAFBE6142BCA548100BF5E63 /* iOS_swift_exTests.swift */; };
		DAFBE61F2BCA548100BF5E63 /* iOS_swift_exUITests.swift in Sources */ = {isa = PBXBuildFile; fileRef = DAFBE61E2BCA548100BF5E63 /* iOS_swift_exUITests.swift */; };
		DAFBE6212BCA548100BF5E63 /* iOS_swift_exUITestsLaunchTests.swift in Sources */ = {isa = PBXBuildFile; fileRef = DAFBE6202BCA548100BF5E63 /* iOS_swift_exUITestsLaunchTests.swift */; };
		DAFBE62F2BCA75C800BF5E63 /* WebKit.framework in Frameworks */ = {isa = PBXBuildFile; fileRef = DAFBE62E2BCA75C800BF5E63 /* WebKit.framework */; };
/* End PBXBuildFile section */

/* Begin PBXContainerItemProxy section */
		DAFBE6112BCA548100BF5E63 /* PBXContainerItemProxy */ = {
			isa = PBXContainerItemProxy;
			containerPortal = DAFBE5F82BCA547F00BF5E63 /* Project object */;
			proxyType = 1;
			remoteGlobalIDString = DAFBE5FF2BCA547F00BF5E63;
			remoteInfo = "iOS-swift-ex";
		};
		DAFBE61B2BCA548100BF5E63 /* PBXContainerItemProxy */ = {
			isa = PBXContainerItemProxy;
			containerPortal = DAFBE5F82BCA547F00BF5E63 /* Project object */;
			proxyType = 1;
			remoteGlobalIDString = DAFBE5FF2BCA547F00BF5E63;
			remoteInfo = "iOS-swift-ex";
		};
/* End PBXContainerItemProxy section */

/* Begin PBXFileReference section */
		B30C62AF2BD2304200EEEEE7 /* HomeView.swift */ = {isa = PBXFileReference; lastKnownFileType = sourcecode.swift; path = HomeView.swift; sourceTree = "<group>"; };
		B30C62B12BD2305B00EEEEE7 /* SideView.swift */ = {isa = PBXFileReference; lastKnownFileType = sourcecode.swift; path = SideView.swift; sourceTree = "<group>"; };
		B30C62BB2BD232F500EEEEE7 /* TapButton.swift */ = {isa = PBXFileReference; lastKnownFileType = sourcecode.swift; path = TapButton.swift; sourceTree = "<group>"; };
		DAFBE6002BCA547F00BF5E63 /* iOS-swift-ex.app */ = {isa = PBXFileReference; explicitFileType = wrapper.application; includeInIndex = 0; path = "iOS-swift-ex.app"; sourceTree = BUILT_PRODUCTS_DIR; };
		DAFBE6032BCA547F00BF5E63 /* iOS_swift_exApp.swift */ = {isa = PBXFileReference; lastKnownFileType = sourcecode.swift; path = iOS_swift_exApp.swift; sourceTree = "<group>"; };
		DAFBE6052BCA547F00BF5E63 /* ContentView.swift */ = {isa = PBXFileReference; lastKnownFileType = sourcecode.swift; path = ContentView.swift; sourceTree = "<group>"; };
		DAFBE6072BCA548100BF5E63 /* Assets.xcassets */ = {isa = PBXFileReference; lastKnownFileType = folder.assetcatalog; path = Assets.xcassets; sourceTree = "<group>"; };
		DAFBE60A2BCA548100BF5E63 /* Preview Assets.xcassets */ = {isa = PBXFileReference; lastKnownFileType = folder.assetcatalog; path = "Preview Assets.xcassets"; sourceTree = "<group>"; };
		DAFBE6102BCA548100BF5E63 /* iOS-swift-exTests.xctest */ = {isa = PBXFileReference; explicitFileType = wrapper.cfbundle; includeInIndex = 0; path = "iOS-swift-exTests.xctest"; sourceTree = BUILT_PRODUCTS_DIR; };
		DAFBE6142BCA548100BF5E63 /* iOS_swift_exTests.swift */ = {isa = PBXFileReference; lastKnownFileType = sourcecode.swift; path = iOS_swift_exTests.swift; sourceTree = "<group>"; };
		DAFBE61A2BCA548100BF5E63 /* iOS-swift-exUITests.xctest */ = {isa = PBXFileReference; explicitFileType = wrapper.cfbundle; includeInIndex = 0; path = "iOS-swift-exUITests.xctest"; sourceTree = BUILT_PRODUCTS_DIR; };
		DAFBE61E2BCA548100BF5E63 /* iOS_swift_exUITests.swift */ = {isa = PBXFileReference; lastKnownFileType = sourcecode.swift; path = iOS_swift_exUITests.swift; sourceTree = "<group>"; };
		DAFBE6202BCA548100BF5E63 /* iOS_swift_exUITestsLaunchTests.swift */ = {isa = PBXFileReference; lastKnownFileType = sourcecode.swift; path = iOS_swift_exUITestsLaunchTests.swift; sourceTree = "<group>"; };
		DAFBE62E2BCA75C800BF5E63 /* WebKit.framework */ = {isa = PBXFileReference; lastKnownFileType = wrapper.framework; name = WebKit.framework; path = System/Library/Frameworks/WebKit.framework; sourceTree = SDKROOT; };
/* End PBXFileReference section */

/* Begin PBXFrameworksBuildPhase section */
		DAFBE5FD2BCA547F00BF5E63 /* Frameworks */ = {
			isa = PBXFrameworksBuildPhase;
			buildActionMask = 2147483647;
			files = (
				DAFBE62F2BCA75C800BF5E63 /* WebKit.framework in Frameworks */,
			);
			runOnlyForDeploymentPostprocessing = 0;
		};
		DAFBE60D2BCA548100BF5E63 /* Frameworks */ = {
			isa = PBXFrameworksBuildPhase;
			buildActionMask = 2147483647;
			files = (
			);
			runOnlyForDeploymentPostprocessing = 0;
		};
		DAFBE6172BCA548100BF5E63 /* Frameworks */ = {
			isa = PBXFrameworksBuildPhase;
			buildActionMask = 2147483647;
			files = (
			);
			runOnlyForDeploymentPostprocessing = 0;
		};
/* End PBXFrameworksBuildPhase section */

/* Begin PBXGroup section */
		DAFBE5F72BCA547F00BF5E63 = {
			isa = PBXGroup;
			children = (
				DAFBE6022BCA547F00BF5E63 /* iOS-swift-ex */,
				DAFBE6132BCA548100BF5E63 /* iOS-swift-exTests */,
				DAFBE61D2BCA548100BF5E63 /* iOS-swift-exUITests */,
				DAFBE6012BCA547F00BF5E63 /* Products */,
				DAFBE62D2BCA75C800BF5E63 /* Frameworks */,
			);
			sourceTree = "<group>";
		};
		DAFBE6012BCA547F00BF5E63 /* Products */ = {
			isa = PBXGroup;
			children = (
				DAFBE6002BCA547F00BF5E63 /* iOS-swift-ex.app */,
				DAFBE6102BCA548100BF5E63 /* iOS-swift-exTests.xctest */,
				DAFBE61A2BCA548100BF5E63 /* iOS-swift-exUITests.xctest */,
			);
			name = Products;
			sourceTree = "<group>";
		};
		DAFBE6022BCA547F00BF5E63 /* iOS-swift-ex */ = {
			isa = PBXGroup;
			children = (
				DAFBE6032BCA547F00BF5E63 /* iOS_swift_exApp.swift */,
				DAFBE6052BCA547F00BF5E63 /* ContentView.swift */,
				DAFBE6072BCA548100BF5E63 /* Assets.xcassets */,
				DAFBE6092BCA548100BF5E63 /* Preview Content */,
				B30C62AF2BD2304200EEEEE7 /* HomeView.swift */,
				B30C62B12BD2305B00EEEEE7 /* SideView.swift */,
				B30C62BB2BD232F500EEEEE7 /* TapButton.swift */,
			);
			path = "iOS-swift-ex";
			sourceTree = "<group>";
		};
		DAFBE6092BCA548100BF5E63 /* Preview Content */ = {
			isa = PBXGroup;
			children = (
				DAFBE60A2BCA548100BF5E63 /* Preview Assets.xcassets */,
			);
			path = "Preview Content";
			sourceTree = "<group>";
		};
		DAFBE6132BCA548100BF5E63 /* iOS-swift-exTests */ = {
			isa = PBXGroup;
			children = (
				DAFBE6142BCA548100BF5E63 /* iOS_swift_exTests.swift */,
			);
			path = "iOS-swift-exTests";
			sourceTree = "<group>";
		};
		DAFBE61D2BCA548100BF5E63 /* iOS-swift-exUITests */ = {
			isa = PBXGroup;
			children = (
				DAFBE61E2BCA548100BF5E63 /* iOS_swift_exUITests.swift */,
				DAFBE6202BCA548100BF5E63 /* iOS_swift_exUITestsLaunchTests.swift */,
			);
			path = "iOS-swift-exUITests";
			sourceTree = "<group>";
		};
		DAFBE62D2BCA75C800BF5E63 /* Frameworks */ = {
			isa = PBXGroup;
			children = (
				DAFBE62E2BCA75C800BF5E63 /* WebKit.framework */,
			);
			name = Frameworks;
			sourceTree = "<group>";
		};
/* End PBXGroup section */

/* Begin PBXNativeTarget section */
		DAFBE5FF2BCA547F00BF5E63 /* iOS-swift-ex */ = {
			isa = PBXNativeTarget;
			buildConfigurationList = DAFBE6242BCA548100BF5E63 /* Build configuration list for PBXNativeTarget "iOS-swift-ex" */;
			buildPhases = (
				DAFBE5FC2BCA547F00BF5E63 /* Sources */,
				DAFBE5FD2BCA547F00BF5E63 /* Frameworks */,
				DAFBE5FE2BCA547F00BF5E63 /* Resources */,
			);
			buildRules = (
			);
			dependencies = (
			);
			name = "iOS-swift-ex";
			productName = "iOS-swift-ex";
			productReference = DAFBE6002BCA547F00BF5E63 /* iOS-swift-ex.app */;
			productType = "com.apple.product-type.application";
		};
		DAFBE60F2BCA548100BF5E63 /* iOS-swift-exTests */ = {
			isa = PBXNativeTarget;
			buildConfigurationList = DAFBE6272BCA548100BF5E63 /* Build configuration list for PBXNativeTarget "iOS-swift-exTests" */;
			buildPhases = (
				DAFBE60C2BCA548100BF5E63 /* Sources */,
				DAFBE60D2BCA548100BF5E63 /* Frameworks */,
				DAFBE60E2BCA548100BF5E63 /* Resources */,
			);
			buildRules = (
			);
			dependencies = (
				DAFBE6122BCA548100BF5E63 /* PBXTargetDependency */,
			);
			name = "iOS-swift-exTests";
			productName = "iOS-swift-exTests";
			productReference = DAFBE6102BCA548100BF5E63 /* iOS-swift-exTests.xctest */;
			productType = "com.apple.product-type.bundle.unit-test";
		};
		DAFBE6192BCA548100BF5E63 /* iOS-swift-exUITests */ = {
			isa = PBXNativeTarget;
			buildConfigurationList = DAFBE62A2BCA548100BF5E63 /* Build configuration list for PBXNativeTarget "iOS-swift-exUITests" */;
			buildPhases = (
				DAFBE6162BCA548100BF5E63 /* Sources */,
				DAFBE6172BCA548100BF5E63 /* Frameworks */,
				DAFBE6182BCA548100BF5E63 /* Resources */,
			);
			buildRules = (
			);
			dependencies = (
				DAFBE61C2BCA548100BF5E63 /* PBXTargetDependency */,
			);
			name = "iOS-swift-exUITests";
			productName = "iOS-swift-exUITests";
			productReference = DAFBE61A2BCA548100BF5E63 /* iOS-swift-exUITests.xctest */;
			productType = "com.apple.product-type.bundle.ui-testing";
		};
/* End PBXNativeTarget section */

/* Begin PBXProject section */
		DAFBE5F82BCA547F00BF5E63 /* Project object */ = {
			isa = PBXProject;
			attributes = {
				BuildIndependentTargetsInParallel = 1;
				LastSwiftUpdateCheck = 1520;
				LastUpgradeCheck = 1520;
				TargetAttributes = {
					DAFBE5FF2BCA547F00BF5E63 = {
						CreatedOnToolsVersion = 15.2;
					};
					DAFBE60F2BCA548100BF5E63 = {
						CreatedOnToolsVersion = 15.2;
						TestTargetID = DAFBE5FF2BCA547F00BF5E63;
					};
					DAFBE6192BCA548100BF5E63 = {
						CreatedOnToolsVersion = 15.2;
						TestTargetID = DAFBE5FF2BCA547F00BF5E63;
					};
				};
			};
			buildConfigurationList = DAFBE5FB2BCA547F00BF5E63 /* Build configuration list for PBXProject "iOS-swift-ex" */;
			compatibilityVersion = "Xcode 14.0";
			developmentRegion = en;
			hasScannedForEncodings = 0;
			knownRegions = (
				en,
				Base,
			);
			mainGroup = DAFBE5F72BCA547F00BF5E63;
			productRefGroup = DAFBE6012BCA547F00BF5E63 /* Products */;
			projectDirPath = "";
			projectRoot = "";
			targets = (
				DAFBE5FF2BCA547F00BF5E63 /* iOS-swift-ex */,
				DAFBE60F2BCA548100BF5E63 /* iOS-swift-exTests */,
				DAFBE6192BCA548100BF5E63 /* iOS-swift-exUITests */,
			);
		};
/* End PBXProject section */

/* Begin PBXResourcesBuildPhase section */
		DAFBE5FE2BCA547F00BF5E63 /* Resources */ = {
			isa = PBXResourcesBuildPhase;
			buildActionMask = 2147483647;
			files = (
				DAFBE60B2BCA548100BF5E63 /* Preview Assets.xcassets in Resources */,
				DAFBE6082BCA548100BF5E63 /* Assets.xcassets in Resources */,
			);
			runOnlyForDeploymentPostprocessing = 0;
		};
		DAFBE60E2BCA548100BF5E63 /* Resources */ = {
			isa = PBXResourcesBuildPhase;
			buildActionMask = 2147483647;
			files = (
			);
			runOnlyForDeploymentPostprocessing = 0;
		};
		DAFBE6182BCA548100BF5E63 /* Resources */ = {
			isa = PBXResourcesBuildPhase;
			buildActionMask = 2147483647;
			files = (
			);
			runOnlyForDeploymentPostprocessing = 0;
		};
/* End PBXResourcesBuildPhase section */

/* Begin PBXSourcesBuildPhase section */
		DAFBE5FC2BCA547F00BF5E63 /* Sources */ = {
			isa = PBXSourcesBuildPhase;
			buildActionMask = 2147483647;
			files = (
				B30C62BC2BD232F500EEEEE7 /* TapButton.swift in Sources */,
				B30C62B02BD2304200EEEEE7 /* HomeView.swift in Sources */,
				B30C62B22BD2305B00EEEEE7 /* SideView.swift in Sources */,
				B30C62AE2BD22E7500EEEEE7 /* ContentView.swift in Sources */,
				DAFBE6042BCA547F00BF5E63 /* iOS_swift_exApp.swift in Sources */,
			);
			runOnlyForDeploymentPostprocessing = 0;
		};
		DAFBE60C2BCA548100BF5E63 /* Sources */ = {
			isa = PBXSourcesBuildPhase;
			buildActionMask = 2147483647;
			files = (
				DAFBE6152BCA548100BF5E63 /* iOS_swift_exTests.swift in Sources */,
			);
			runOnlyForDeploymentPostprocessing = 0;
		};
		DAFBE6162BCA548100BF5E63 /* Sources */ = {
			isa = PBXSourcesBuildPhase;
			buildActionMask = 2147483647;
			files = (
				DAFBE61F2BCA548100BF5E63 /* iOS_swift_exUITests.swift in Sources */,
				DAFBE6212BCA548100BF5E63 /* iOS_swift_exUITestsLaunchTests.swift in Sources */,
			);
			runOnlyForDeploymentPostprocessing = 0;
		};
/* End PBXSourcesBuildPhase section */

/* Begin PBXTargetDependency section */
		DAFBE6122BCA548100BF5E63 /* PBXTargetDependency */ = {
			isa = PBXTargetDependency;
			target = DAFBE5FF2BCA547F00BF5E63 /* iOS-swift-ex */;
			targetProxy = DAFBE6112BCA548100BF5E63 /* PBXContainerItemProxy */;
		};
		DAFBE61C2BCA548100BF5E63 /* PBXTargetDependency */ = {
			isa = PBXTargetDependency;
			target = DAFBE5FF2BCA547F00BF5E63 /* iOS-swift-ex */;
			targetProxy = DAFBE61B2BCA548100BF5E63 /* PBXContainerItemProxy */;
		};
/* End PBXTargetDependency section */

/* Begin XCBuildConfiguration section */
		DAFBE6222BCA548100BF5E63 /* Debug */ = {
			isa = XCBuildConfiguration;
			buildSettings = {
				ALWAYS_SEARCH_USER_PATHS = NO;
				ASSETCATALOG_COMPILER_GENERATE_SWIFT_ASSET_SYMBOL_EXTENSIONS = YES;
				CLANG_ANALYZER_NONNULL = YES;
				CLANG_ANALYZER_NUMBER_OBJECT_CONVERSION = YES_AGGRESSIVE;
				CLANG_CXX_LANGUAGE_STANDARD = "gnu++20";
				CLANG_ENABLE_MODULES = YES;
				CLANG_ENABLE_OBJC_ARC = YES;
				CLANG_ENABLE_OBJC_WEAK = YES;
				CLANG_WARN_BLOCK_CAPTURE_AUTORELEASING = YES;
				CLANG_WARN_BOOL_CONVERSION = YES;
				CLANG_WARN_COMMA = YES;
				CLANG_WARN_CONSTANT_CONVERSION = YES;
				CLANG_WARN_DEPRECATED_OBJC_IMPLEMENTATIONS = YES;
				CLANG_WARN_DIRECT_OBJC_ISA_USAGE = YES_ERROR;
				CLANG_WARN_DOCUMENTATION_COMMENTS = YES;
				CLANG_WARN_EMPTY_BODY = YES;
				CLANG_WARN_ENUM_CONVERSION = YES;
				CLANG_WARN_INFINITE_RECURSION = YES;
				CLANG_WARN_INT_CONVERSION = YES;
				CLANG_WARN_NON_LITERAL_NULL_CONVERSION = YES;
				CLANG_WARN_OBJC_IMPLICIT_RETAIN_SELF = YES;
				CLANG_WARN_OBJC_LITERAL_CONVERSION = YES;
				CLANG_WARN_OBJC_ROOT_CLASS = YES_ERROR;
				CLANG_WARN_QUOTED_INCLUDE_IN_FRAMEWORK_HEADER = YES;
				CLANG_WARN_RANGE_LOOP_ANALYSIS = YES;
				CLANG_WARN_STRICT_PROTOTYPES = YES;
				CLANG_WARN_SUSPICIOUS_MOVE = YES;
				CLANG_WARN_UNGUARDED_AVAILABILITY = YES_AGGRESSIVE;
				CLANG_WARN_UNREACHABLE_CODE = YES;
				CLANG_WARN__DUPLICATE_METHOD_MATCH = YES;
				COPY_PHASE_STRIP = NO;
				DEBUG_INFORMATION_FORMAT = dwarf;
				ENABLE_STRICT_OBJC_MSGSEND = YES;
				ENABLE_TESTABILITY = YES;
				ENABLE_USER_SCRIPT_SANDBOXING = YES;
				GCC_C_LANGUAGE_STANDARD = gnu17;
				GCC_DYNAMIC_NO_PIC = NO;
				GCC_NO_COMMON_BLOCKS = YES;
				GCC_OPTIMIZATION_LEVEL = 0;
				GCC_PREPROCESSOR_DEFINITIONS = (
					"DEBUG=1",
					"$(inherited)",
				);
				GCC_WARN_64_TO_32_BIT_CONVERSION = YES;
				GCC_WARN_ABOUT_RETURN_TYPE = YES_ERROR;
				GCC_WARN_UNDECLARED_SELECTOR = YES;
				GCC_WARN_UNINITIALIZED_AUTOS = YES_AGGRESSIVE;
				GCC_WARN_UNUSED_FUNCTION = YES;
				GCC_WARN_UNUSED_VARIABLE = YES;
				IPHONEOS_DEPLOYMENT_TARGET = 15.5;
				LOCALIZATION_PREFERS_STRING_CATALOGS = YES;
				MTL_ENABLE_DEBUG_INFO = INCLUDE_SOURCE;
				MTL_FAST_MATH = YES;
				ONLY_ACTIVE_ARCH = YES;
				SDKROOT = iphoneos;
				SWIFT_ACTIVE_COMPILATION_CONDITIONS = "DEBUG $(inherited)";
				SWIFT_OPTIMIZATION_LEVEL = "-Onone";
			};
			name = Debug;
		};
		DAFBE6232BCA548100BF5E63 /* Release */ = {
			isa = XCBuildConfiguration;
			buildSettings = {
				ALWAYS_SEARCH_USER_PATHS = NO;
				ASSETCATALOG_COMPILER_GENERATE_SWIFT_ASSET_SYMBOL_EXTENSIONS = YES;
				CLANG_ANALYZER_NONNULL = YES;
				CLANG_ANALYZER_NUMBER_OBJECT_CONVERSION = YES_AGGRESSIVE;
				CLANG_CXX_LANGUAGE_STANDARD = "gnu++20";
				CLANG_ENABLE_MODULES = YES;
				CLANG_ENABLE_OBJC_ARC = YES;
				CLANG_ENABLE_OBJC_WEAK = YES;
				CLANG_WARN_BLOCK_CAPTURE_AUTORELEASING = YES;
				CLANG_WARN_BOOL_CONVERSION = YES;
				CLANG_WARN_COMMA = YES;
				CLANG_WARN_CONSTANT_CONVERSION = YES;
				CLANG_WARN_DEPRECATED_OBJC_IMPLEMENTATIONS = YES;
				CLANG_WARN_DIRECT_OBJC_ISA_USAGE = YES_ERROR;
				CLANG_WARN_DOCUMENTATION_COMMENTS = YES;
				CLANG_WARN_EMPTY_BODY = YES;
				CLANG_WARN_ENUM_CONVERSION = YES;
				CLANG_WARN_INFINITE_RECURSION = YES;
				CLANG_WARN_INT_CONVERSION = YES;
				CLANG_WARN_NON_LITERAL_NULL_CONVERSION = YES;
				CLANG_WARN_OBJC_IMPLICIT_RETAIN_SELF = YES;
				CLANG_WARN_OBJC_LITERAL_CONVERSION = YES;
				CLANG_WARN_OBJC_ROOT_CLASS = YES_ERROR;
				CLANG_WARN_QUOTED_INCLUDE_IN_FRAMEWORK_HEADER = YES;
				CLANG_WARN_RANGE_LOOP_ANALYSIS = YES;
				CLANG_WARN_STRICT_PROTOTYPES = YES;
				CLANG_WARN_SUSPICIOUS_MOVE = YES;
				CLANG_WARN_UNGUARDED_AVAILABILITY = YES_AGGRESSIVE;
				CLANG_WARN_UNREACHABLE_CODE = YES;
				CLANG_WARN__DUPLICATE_METHOD_MATCH = YES;
				COPY_PHASE_STRIP = NO;
				DEBUG_INFORMATION_FORMAT = "dwarf-with-dsym";
				ENABLE_NS_ASSERTIONS = NO;
				ENABLE_STRICT_OBJC_MSGSEND = YES;
				ENABLE_USER_SCRIPT_SANDBOXING = YES;
				GCC_C_LANGUAGE_STANDARD = gnu17;
				GCC_NO_COMMON_BLOCKS = YES;
				GCC_WARN_64_TO_32_BIT_CONVERSION = YES;
				GCC_WARN_ABOUT_RETURN_TYPE = YES_ERROR;
				GCC_WARN_UNDECLARED_SELECTOR = YES;
				GCC_WARN_UNINITIALIZED_AUTOS = YES_AGGRESSIVE;
				GCC_WARN_UNUSED_FUNCTION = YES;
				GCC_WARN_UNUSED_VARIABLE = YES;
				IPHONEOS_DEPLOYMENT_TARGET = 15.5;
				LOCALIZATION_PREFERS_STRING_CATALOGS = YES;
				MTL_ENABLE_DEBUG_INFO = NO;
				MTL_FAST_MATH = YES;
				SDKROOT = iphoneos;
				SWIFT_COMPILATION_MODE = wholemodule;
				VALIDATE_PRODUCT = YES;
			};
			name = Release;
		};
		DAFBE6252BCA548100BF5E63 /* Debug */ = {
			isa = XCBuildConfiguration;
			buildSettings = {
				ASSETCATALOG_COMPILER_APPICON_NAME = AppIcon;
				ASSETCATALOG_COMPILER_GLOBAL_ACCENT_COLOR_NAME = AccentColor;
				CODE_SIGN_STYLE = Automatic;
				CURRENT_PROJECT_VERSION = 1;
				DEVELOPMENT_ASSET_PATHS = "\"iOS-swift-ex/Preview Content\"";
				DEVELOPMENT_TEAM = HZ2CDYMXXZ;
				ENABLE_PREVIEWS = YES;
				GENERATE_INFOPLIST_FILE = YES;
				INFOPLIST_KEY_UIApplicationSceneManifest_Generation = YES;
				INFOPLIST_KEY_UIApplicationSupportsIndirectInputEvents = YES;
				INFOPLIST_KEY_UILaunchScreen_Generation = YES;
				INFOPLIST_KEY_UISupportedInterfaceOrientations_iPad = "UIInterfaceOrientationPortrait UIInterfaceOrientationPortraitUpsideDown UIInterfaceOrientationLandscapeLeft UIInterfaceOrientationLandscapeRight";
				INFOPLIST_KEY_UISupportedInterfaceOrientations_iPhone = "UIInterfaceOrientationPortrait UIInterfaceOrientationLandscapeLeft UIInterfaceOrientationLandscapeRight";
				IPHONEOS_DEPLOYMENT_TARGET = 15.0;
				LD_RUNPATH_SEARCH_PATHS = (
					"$(inherited)",
					"@executable_path/Frameworks",
				);
				MARKETING_VERSION = 1.0;
				PRODUCT_BUNDLE_IDENTIFIER = "com.imzero.iOS-swift-ex";
				PRODUCT_NAME = "$(TARGET_NAME)";
				SWIFT_EMIT_LOC_STRINGS = YES;
				SWIFT_VERSION = 5.0;
				TARGETED_DEVICE_FAMILY = "1,2";
			};
			name = Debug;
		};
		DAFBE6262BCA548100BF5E63 /* Release */ = {
			isa = XCBuildConfiguration;
			buildSettings = {
				ASSETCATALOG_COMPILER_APPICON_NAME = AppIcon;
				ASSETCATALOG_COMPILER_GLOBAL_ACCENT_COLOR_NAME = AccentColor;
				CODE_SIGN_STYLE = Automatic;
				CURRENT_PROJECT_VERSION = 1;
				DEVELOPMENT_ASSET_PATHS = "\"iOS-swift-ex/Preview Content\"";
				DEVELOPMENT_TEAM = HZ2CDYMXXZ;
				ENABLE_PREVIEWS = YES;
				GENERATE_INFOPLIST_FILE = YES;
				INFOPLIST_KEY_UIApplicationSceneManifest_Generation = YES;
				INFOPLIST_KEY_UIApplicationSupportsIndirectInputEvents = YES;
				INFOPLIST_KEY_UILaunchScreen_Generation = YES;
				INFOPLIST_KEY_UISupportedInterfaceOrientations_iPad = "UIInterfaceOrientationPortrait UIInterfaceOrientationPortraitUpsideDown UIInterfaceOrientationLandscapeLeft UIInterfaceOrientationLandscapeRight";
				INFOPLIST_KEY_UISupportedInterfaceOrientations_iPhone = "UIInterfaceOrientationPortrait UIInterfaceOrientationLandscapeLeft UIInterfaceOrientationLandscapeRight";
				IPHONEOS_DEPLOYMENT_TARGET = 15.0;
				LD_RUNPATH_SEARCH_PATHS = (
					"$(inherited)",
					"@executable_path/Frameworks",
				);
				MARKETING_VERSION = 1.0;
				PRODUCT_BUNDLE_IDENTIFIER = "com.imzero.iOS-swift-ex";
				PRODUCT_NAME = "$(TARGET_NAME)";
				SWIFT_EMIT_LOC_STRINGS = YES;
				SWIFT_VERSION = 5.0;
				TARGETED_DEVICE_FAMILY = "1,2";
			};
			name = Release;
		};
		DAFBE6282BCA548100BF5E63 /* Debug */ = {
			isa = XCBuildConfiguration;
			buildSettings = {
				ALWAYS_EMBED_SWIFT_STANDARD_LIBRARIES = YES;
				BUNDLE_LOADER = "$(TEST_HOST)";
				CODE_SIGN_STYLE = Automatic;
				CURRENT_PROJECT_VERSION = 1;
				GENERATE_INFOPLIST_FILE = YES;
				IPHONEOS_DEPLOYMENT_TARGET = 17.2;
				MARKETING_VERSION = 1.0;
				PRODUCT_BUNDLE_IDENTIFIER = "com.imzero.iOS-swift-exTests";
				PRODUCT_NAME = "$(TARGET_NAME)";
				SWIFT_EMIT_LOC_STRINGS = NO;
				SWIFT_VERSION = 5.0;
				TARGETED_DEVICE_FAMILY = "1,2";
				TEST_HOST = "$(BUILT_PRODUCTS_DIR)/iOS-swift-ex.app/$(BUNDLE_EXECUTABLE_FOLDER_PATH)/iOS-swift-ex";
			};
			name = Debug;
		};
		DAFBE6292BCA548100BF5E63 /* Release */ = {
			isa = XCBuildConfiguration;
			buildSettings = {
				ALWAYS_EMBED_SWIFT_STANDARD_LIBRARIES = YES;
				BUNDLE_LOADER = "$(TEST_HOST)";
				CODE_SIGN_STYLE = Automatic;
				CURRENT_PROJECT_VERSION = 1;
				GENERATE_INFOPLIST_FILE = YES;
				IPHONEOS_DEPLOYMENT_TARGET = 17.2;
				MARKETING_VERSION = 1.0;
				PRODUCT_BUNDLE_IDENTIFIER = "com.imzero.iOS-swift-exTests";
				PRODUCT_NAME = "$(TARGET_NAME)";
				SWIFT_EMIT_LOC_STRINGS = NO;
				SWIFT_VERSION = 5.0;
				TARGETED_DEVICE_FAMILY = "1,2";
				TEST_HOST = "$(BUILT_PRODUCTS_DIR)/iOS-swift-ex.app/$(BUNDLE_EXECUTABLE_FOLDER_PATH)/iOS-swift-ex";
			};
			name = Release;
		};
		DAFBE62B2BCA548100BF5E63 /* Debug */ = {
			isa = XCBuildConfiguration;
			buildSettings = {
				ALWAYS_EMBED_SWIFT_STANDARD_LIBRARIES = YES;
				CODE_SIGN_STYLE = Automatic;
				CURRENT_PROJECT_VERSION = 1;
				GENERATE_INFOPLIST_FILE = YES;
				MARKETING_VERSION = 1.0;
				PRODUCT_BUNDLE_IDENTIFIER = "com.imzero.iOS-swift-exUITests";
				PRODUCT_NAME = "$(TARGET_NAME)";
				SWIFT_EMIT_LOC_STRINGS = NO;
				SWIFT_VERSION = 5.0;
				TARGETED_DEVICE_FAMILY = "1,2";
				TEST_TARGET_NAME = "iOS-swift-ex";
			};
			name = Debug;
		};
		DAFBE62C2BCA548100BF5E63 /* Release */ = {
			isa = XCBuildConfiguration;
			buildSettings = {
				ALWAYS_EMBED_SWIFT_STANDARD_LIBRARIES = YES;
				CODE_SIGN_STYLE = Automatic;
				CURRENT_PROJECT_VERSION = 1;
				GENERATE_INFOPLIST_FILE = YES;
				MARKETING_VERSION = 1.0;
				PRODUCT_BUNDLE_IDENTIFIER = "com.imzero.iOS-swift-exUITests";
				PRODUCT_NAME = "$(TARGET_NAME)";
				SWIFT_EMIT_LOC_STRINGS = NO;
				SWIFT_VERSION = 5.0;
				TARGETED_DEVICE_FAMILY = "1,2";
				TEST_TARGET_NAME = "iOS-swift-ex";
			};
			name = Release;
		};
/* End XCBuildConfiguration section */

/* Begin XCConfigurationList section */
		DAFBE5FB2BCA547F00BF5E63 /* Build configuration list for PBXProject "iOS-swift-ex" */ = {
			isa = XCConfigurationList;
			buildConfigurations = (
				DAFBE6222BCA548100BF5E63 /* Debug */,
				DAFBE6232BCA548100BF5E63 /* Release */,
			);
			defaultConfigurationIsVisible = 0;
			defaultConfigurationName = Release;
		};
		DAFBE6242BCA548100BF5E63 /* Build configuration list for PBXNativeTarget "iOS-swift-ex" */ = {
			isa = XCConfigurationList;
			buildConfigurations = (
				DAFBE6252BCA548100BF5E63 /* Debug */,
				DAFBE6262BCA548100BF5E63 /* Release */,
			);
			defaultConfigurationIsVisible = 0;
			defaultConfigurationName = Release;
		};
		DAFBE6272BCA548100BF5E63 /* Build configuration list for PBXNativeTarget "iOS-swift-exTests" */ = {
			isa = XCConfigurationList;
			buildConfigurations = (
				DAFBE6282BCA548100BF5E63 /* Debug */,
				DAFBE6292BCA548100BF5E63 /* Release */,
			);
			defaultConfigurationIsVisible = 0;
			defaultConfigurationName = Release;
		};
		DAFBE62A2BCA548100BF5E63 /* Build configuration list for PBXNativeTarget "iOS-swift-exUITests" */ = {
			isa = XCConfigurationList;
			buildConfigurations = (
				DAFBE62B2BCA548100BF5E63 /* Debug */,
				DAFBE62C2BCA548100BF5E63 /* Release */,
			);
			defaultConfigurationIsVisible = 0;
			defaultConfigurationName = Release;
		};
/* End XCConfigurationList section */
	};
	rootObject = DAFBE5F82BCA547F00BF5E63 /* Project object */;
}
